
Microsoft Visual Studio Solution File, Format Version 12.00
# Visual Studio Version 17
VisualStudioVersion = 17.11.35312.102
MinimumVisualStudioVersion = 10.0.40219.1
Project("{9A19103F-16F7-4668-BE54-9A1E7A4F7556}") = "ProyectoLP4.web", "ProyectoLP4.web\ProyectoLP4.web.csproj", "{460CD0DC-BA66-4577-9D13-B2334FAEB574}"
EndProject
Global
	GlobalSection(SolutionConfigurationPlatforms) = preSolution
		Debug|Any CPU = Debug|Any CPU
		Release|Any CPU = Release|Any CPU
	EndGlobalSection
	GlobalSection(ProjectConfigurationPlatforms) = postSolution
		{460CD0DC-BA66-4577-9D13-B2334FAEB574}.Debug|Any CPU.ActiveCfg = Debug|Any CPU
		{460CD0DC-BA66-4577-9D13-B2334FAEB574}.Debug|Any CPU.Build.0 = Debug|Any CPU
		{460CD0DC-BA66-4577-9D13-B2334FAEB574}.Release|Any CPU.ActiveCfg = Release|Any CPU
		{460CD0DC-BA66-4577-9D13-B2334FAEB574}.Release|Any CPU.Build.0 = Release|Any CPU
	EndGlobalSection
	GlobalSection(SolutionProperties) = preSolution
		HideSolutionNode = FALSE
	EndGlobalSection
	GlobalSection(ExtensibilityGlobals) = postSolution
		SolutionGuid = {9E76BC38-8C64-41C8-98BB-C76A4FDADC46}
	EndGlobalSection
EndGlobal
